
Microsoft Visual Studio Solution File, Format Version 12.00
# Visual Studio 15
VisualStudioVersion = 15.0.27130.2003
MinimumVisualStudioVersion = 10.0.40219.1
Project("{FAE04EC0-301F-11D3-BF4B-00C04F79EFBC}") = "HumanFaceDetection", "HumanFaceDetection\HumanFaceDetection.csproj", "{52B20F5E-356A-4A77-B498-C1B367CC4841}"
EndProject
Global
	GlobalSection(SolutionConfigurationPlatforms) = preSolution
		Debug|Any CPU = Debug|Any CPU
		Release|Any CPU = Release|Any CPU
	EndGlobalSection
	GlobalSection(ProjectConfigurationPlatforms) = postSolution
		{52B20F5E-356A-4A77-B498-C1B367CC4841}.Debug|Any CPU.ActiveCfg = Debug|Any CPU
		{52B20F5E-356A-4A77-B498-C1B367CC4841}.Debug|Any CPU.Build.0 = Debug|Any CPU
		{52B20F5E-356A-4A77-B498-C1B367CC4841}.Release|Any CPU.ActiveCfg = Release|Any CPU
		{52B20F5E-356A-4A77-B498-C1B367CC4841}.Release|Any CPU.Build.0 = Release|Any CPU
	EndGlobalSection
	GlobalSection(SolutionProperties) = preSolution
		HideSolutionNode = FALSE
	EndGlobalSection
	GlobalSection(ExtensibilityGlobals) = postSolution
		SolutionGuid = {A9B7AA91-1AAB-4B0D-89E8-8FE6B605A1E1}
	EndGlobalSection
EndGlobal
